
Microsoft Visual Studio Solution File, Format Version 12.00
# Visual Studio Version 17
VisualStudioVersion = 17.6.33829.357
MinimumVisualStudioVersion = 10.0.40219.1
Project("{FAE04EC0-301F-11D3-BF4B-00C04F79EFBC}") = "WebSockets_TestAPI", "WebSockets_TestAPI.csproj", "{1B372C70-13C0-4E03-B3E9-5C984F20ACEA}"
EndProject
Global
	GlobalSection(SolutionConfigurationPlatforms) = preSolution
		Debug|Any CPU = Debug|Any CPU
		Release|Any CPU = Release|Any CPU
	EndGlobalSection
	GlobalSection(ProjectConfigurationPlatforms) = postSolution
		{1B372C70-13C0-4E03-B3E9-5C984F20ACEA}.Debug|Any CPU.ActiveCfg = Debug|Any CPU
		{1B372C70-13C0-4E03-B3E9-5C984F20ACEA}.Debug|Any CPU.Build.0 = Debug|Any CPU
		{1B372C70-13C0-4E03-B3E9-5C984F20ACEA}.Release|Any CPU.ActiveCfg = Release|Any CPU
		{1B372C70-13C0-4E03-B3E9-5C984F20ACEA}.Release|Any CPU.Build.0 = Release|Any CPU
	EndGlobalSection
	GlobalSection(SolutionProperties) = preSolution
		HideSolutionNode = FALSE
	EndGlobalSection
	GlobalSection(ExtensibilityGlobals) = postSolution
		SolutionGuid = {352D8E95-F074-4C32-87A3-832B11E89B46}
	EndGlobalSection
EndGlobal
